
Microsoft Visual Studio Solution File, Format Version 12.00
# Visual Studio Version 17
VisualStudioVersion = 17.8.34330.188
MinimumVisualStudioVersion = 10.0.40219.1
Project("{FAE04EC0-301F-11D3-BF4B-00C04F79EFBC}") = "ScanShipper.App", "ScanShipper.App\ScanShipper.App.csproj", "{68C198A1-4895-43EB-BD84-83B76112E34B}"
EndProject
Project("{FAE04EC0-301F-11D3-BF4B-00C04F79EFBC}") = "ScanShipper.Models", "ScanShipper.Models\ScanShipper.Models.csproj", "{33DB0C19-1401-4BB5-B406-BCEB198EFB44}"
EndProject
Global
	GlobalSection(SolutionConfigurationPlatforms) = preSolution
		Debug|Any CPU = Debug|Any CPU
		Release|Any CPU = Release|Any CPU
	EndGlobalSection
	GlobalSection(ProjectConfigurationPlatforms) = postSolution
		{68C198A1-4895-43EB-BD84-83B76112E34B}.Debug|Any CPU.ActiveCfg = Debug|Any CPU
		{68C198A1-4895-43EB-BD84-83B76112E34B}.Debug|Any CPU.Build.0 = Debug|Any CPU
		{68C198A1-4895-43EB-BD84-83B76112E34B}.Debug|Any CPU.Deploy.0 = Debug|Any CPU
		{68C198A1-4895-43EB-BD84-83B76112E34B}.Release|Any CPU.ActiveCfg = Release|Any CPU
		{68C198A1-4895-43EB-BD84-83B76112E34B}.Release|Any CPU.Build.0 = Release|Any CPU
		{68C198A1-4895-43EB-BD84-83B76112E34B}.Release|Any CPU.Deploy.0 = Release|Any CPU
		{33DB0C19-1401-4BB5-B406-BCEB198EFB44}.Debug|Any CPU.ActiveCfg = Debug|Any CPU
		{33DB0C19-1401-4BB5-B406-BCEB198EFB44}.Debug|Any CPU.Build.0 = Debug|Any CPU
		{33DB0C19-1401-4BB5-B406-BCEB198EFB44}.Release|Any CPU.ActiveCfg = Release|Any CPU
		{33DB0C19-1401-4BB5-B406-BCEB198EFB44}.Release|Any CPU.Build.0 = Release|Any CPU
	EndGlobalSection
	GlobalSection(SolutionProperties) = preSolution
		HideSolutionNode = FALSE
	EndGlobalSection
	GlobalSection(ExtensibilityGlobals) = postSolution
		SolutionGuid = {C720AC27-4441-4D86-9854-55A02BA0636B}
	EndGlobalSection
EndGlobal
